
Microsoft Visual Studio Solution File, Format Version 12.00
Project("{FAE04EC0-301F-11D3-BF4B-00C04F79EFBC}") = "BEAUTIFY_SIGNALING.API", "BEAUTIFY_SIGNALING.API\BEAUTIFY_SIGNALING.API.csproj", "{650A71CC-F142-4134-9DD3-A0C23F76A207}"
EndProject
Project("{FAE04EC0-301F-11D3-BF4B-00C04F79EFBC}") = "BEAUTIFY_SIGNALING.SERVICES", "BEAUTIFY_SIGNALING.SERVICES\BEAUTIFY_SIGNALING.SERVICES.csproj", "{94B917A3-50FB-4A72-9B2D-769663DE695D}"
EndProject
Project("{FAE04EC0-301F-11D3-BF4B-00C04F79EFBC}") = "BEAUTIFY_SIGNALING.REPOSITORY", "BEAUTIFY_SIGNALING.REPOSITORY\BEAUTIFY_SIGNALING.REPOSITORY.csproj", "{DE8D0DE1-7332-489E-8787-7468994B58F1}"
EndProject
Global
	GlobalSection(SolutionConfigurationPlatforms) = preSolution
		Debug|Any CPU = Debug|Any CPU
		Release|Any CPU = Release|Any CPU
	EndGlobalSection
	GlobalSection(ProjectConfigurationPlatforms) = postSolution
		{650A71CC-F142-4134-9DD3-A0C23F76A207}.Debug|Any CPU.ActiveCfg = Debug|Any CPU
		{650A71CC-F142-4134-9DD3-A0C23F76A207}.Debug|Any CPU.Build.0 = Debug|Any CPU
		{650A71CC-F142-4134-9DD3-A0C23F76A207}.Release|Any CPU.ActiveCfg = Release|Any CPU
		{650A71CC-F142-4134-9DD3-A0C23F76A207}.Release|Any CPU.Build.0 = Release|Any CPU
		{94B917A3-50FB-4A72-9B2D-769663DE695D}.Debug|Any CPU.ActiveCfg = Debug|Any CPU
		{94B917A3-50FB-4A72-9B2D-769663DE695D}.Debug|Any CPU.Build.0 = Debug|Any CPU
		{94B917A3-50FB-4A72-9B2D-769663DE695D}.Release|Any CPU.ActiveCfg = Release|Any CPU
		{94B917A3-50FB-4A72-9B2D-769663DE695D}.Release|Any CPU.Build.0 = Release|Any CPU
		{DE8D0DE1-7332-489E-8787-7468994B58F1}.Debug|Any CPU.ActiveCfg = Debug|Any CPU
		{DE8D0DE1-7332-489E-8787-7468994B58F1}.Debug|Any CPU.Build.0 = Debug|Any CPU
		{DE8D0DE1-7332-489E-8787-7468994B58F1}.Release|Any CPU.ActiveCfg = Release|Any CPU
		{DE8D0DE1-7332-489E-8787-7468994B58F1}.Release|Any CPU.Build.0 = Release|Any CPU
	EndGlobalSection
EndGlobal
